{
  "name": "@audio/neural",
  "version": "0.0.0",
  "lockfileVersion": 3,
  "requires": true,
  "packages": {
    "": {
      "name": "@audio/neural",
      "version": "0.0.0",
      "license": "MIT",
      "workspaces": [
        "packages/*"
      ],
      "engines": {
        "node": ">=18"
      }
    },
    "node_modules/@audio/neural-amp": {
      "resolved": "packages/neural-amp",
      "link": true
    },
    "node_modules/@audio/neural-capture": {
      "resolved": "packages/neural-capture",
      "link": true
    },
    "node_modules/@audio/neural-denoise": {
      "resolved": "packages/neural-denoise",
      "link": true
    },
    "node_modules/@audio/neural-runtime": {
      "resolved": "packages/neural-runtime",
      "link": true
    },
    "node_modules/@audio/neural-separate": {
      "resolved": "packages/neural-separate",
      "link": true
    },
    "node_modules/@audio/neural-synth": {
      "resolved": "packages/neural-synth",
      "link": true
    },
    "node_modules/@audio/synth-chirp": {
      "version": "1.1.3",
      "resolved": "https://registry.npmjs.org/@audio/synth-chirp/-/synth-chirp-1.1.3.tgz",
      "integrity": "sha512-bv2Y3+i5/42AFSo0fUzZJLHyBoK4GjbumaNgiiUdnG3sUcjtjNj4+N+L1wOElNR4d9nYTaiigtE2c1uXJrP6Cg==",
      "license": "MIT",
      "engines": {
        "node": ">=18"
      },
      "funding": {
        "url": "https://github.com/sponsors/audiojs"
      }
    },
    "node_modules/fourier-transform": {
      "version": "2.4.1",
      "resolved": "https://registry.npmjs.org/fourier-transform/-/fourier-transform-2.4.1.tgz",
      "integrity": "sha512-NwMVCmCjVrKH1bu5BTQ9c2OQVpkddLPQiBcd74VJNpbQ7bnwBsQrodLMWgaT4ge+Su0w5Zc6Al0gtHy5lYYIJA==",
      "license": "MIT",
      "funding": {
        "url": "https://github.com/sponsors/audiojs"
      }
    },
    "node_modules/tst": {
      "version": "9.4.0",
      "resolved": "https://registry.npmjs.org/tst/-/tst-9.4.0.tgz",
      "integrity": "sha512-LFC1yasMqhvL9hBJdA07nozlfS1RGy/7uiBCwRZcQH9zB4+n7XpxwYszzK//WQ2JVOLAUgU3d8ABEcrFLZE0vg==",
      "dev": true,
      "license": "MIT"
    },
    "packages/neural-amp": {
      "name": "@audio/neural-amp",
      "version": "0.1.0",
      "license": "MIT",
      "devDependencies": {
        "tst": "^9.4.0"
      },
      "engines": {
        "node": ">=18"
      }
    },
    "packages/neural-capture": {
      "name": "@audio/neural-capture",
      "version": "0.1.0",
      "license": "MIT",
      "dependencies": {
        "@audio/synth-chirp": "^1.1.0",
        "fourier-transform": "^2.2.0"
      },
      "devDependencies": {
        "tst": "^9.0.0"
      },
      "engines": {
        "node": ">=18"
      },
      "funding": {
        "url": "https://github.com/sponsors/audiojs"
      }
    },
    "packages/neural-denoise": {
      "name": "@audio/neural-denoise",
      "version": "0.0.0",
      "license": "MIT",
      "engines": {
        "node": ">=18"
      }
    },
    "packages/neural-runtime": {
      "name": "@audio/neural-runtime",
      "version": "0.0.0",
      "license": "MIT",
      "engines": {
        "node": ">=18"
      }
    },
    "packages/neural-separate": {
      "name": "@audio/neural-separate",
      "version": "0.0.0",
      "license": "MIT",
      "engines": {
        "node": ">=18"
      }
    },
    "packages/neural-synth": {
      "name": "@audio/neural-synth",
      "version": "0.1.0",
      "license": "MIT",
      "dependencies": {
        "fourier-transform": "^2.2.0"
      },
      "devDependencies": {
        "tst": "^9.4.0"
      },
      "engines": {
        "node": ">=18"
      },
      "funding": {
        "url": "https://github.com/sponsors/audiojs"
      }
    }
  }
}
